PODS:
  - CupertinoYankee (0.1.1)
  - Kiwi (2.3.1)
  - Masonry (0.5.3)
  - MSCollectionViewCalendarLayout (0.1.3):
    - CupertinoYankee (~> 0.1)
  - MZDayPicker (0.0.1)
  - ObjectiveSugar (1.1.0)
  - UIColor-HexString (1.1.0)

DEPENDENCIES:
  - Kiwi
  - Masonry
  - MSCollectionViewCalendarLayout
  - MZDayPicker
  - MZDayPicker (from `https://github.com/joefrank99/MZDayPicker.git`, commit `883626917ea02099c51dc13719c29823febd7441`)
  - ObjectiveSugar
  - UIColor-HexString

EXTERNAL SOURCES:
  MZDayPicker:
    :commit: 883626917ea02099c51dc13719c29823febd7441
    :git: https://github.com/joefrank99/MZDayPicker.git

SPEC CHECKSUMS:
  CupertinoYankee: 742ab22e47518167d0c78d2eaa5aed5b6e26af3b
  Kiwi: f038a6c61f7a9e4d7766bff5717aa3b3fdb75f55
  Masonry: 9f515466afe48632562342a40a1c224071a1a022
  MSCollectionViewCalendarLayout: fba6fefdb3a340cb3e4f10725c6b3a530e6f6817
  MZDayPicker: 94f265c68d72c6665a2324b1284a61708d2d7e3d
  ObjectiveSugar: a6a25f23d657c19df0a0b972466d5b5ca9f5295c
  UIColor-HexString: f8a5612bd6772fed8db58ee594b42a0b2831750e

COCOAPODS: 0.34.2
