<?xml version="1.0" encoding="UTF-8"?>
<!DOCTYPE plist PUBLIC "-//Apple//DTD PLIST 1.0//EN" "http://www.apple.com/DTDs/PropertyList-1.0.dtd">
<plist version="1.0">
<dict>
	<key>archiveVersion</key>
	<string>1</string>
	<key>classes</key>
	<dict/>
	<key>objectVersion</key>
	<string>46</string>
	<key>objects</key>
	<dict>
		<key>2ABDD0230DDD60A896854CFB</key>
		<dict>
			<key>includeInIndex</key>
			<string>1</string>
			<key>isa</key>
			<string>PBXFileReference</string>
			<key>lastKnownFileType</key>
			<string>text.xcconfig</string>
			<key>name</key>
			<string>Pods.debug.xcconfig</string>
			<key>path</key>
			<string>Pods/Target Support Files/Pods/Pods.debug.xcconfig</string>
			<key>sourceTree</key>
			<string>&lt;group&gt;</string>
		</dict>
		<key>62F96872DCDA365C53B72A10</key>
		<dict>
			<key>includeInIndex</key>
			<string>1</string>
			<key>isa</key>
			<string>PBXFileReference</string>
			<key>lastKnownFileType</key>
			<string>text.xcconfig</string>
			<key>name</key>
			<string>Pods.release.xcconfig</string>
			<key>path</key>
			<string>Pods/Target Support Files/Pods/Pods.release.xcconfig</string>
			<key>sourceTree</key>
			<string>&lt;group&gt;</string>
		</dict>
		<key>86CB68FA9A864D7DB8411DB4</key>
		<dict>
			<key>explicitFileType</key>
			<string>archive.ar</string>
			<key>includeInIndex</key>
			<string>0</string>
			<key>isa</key>
			<string>PBXFileReference</string>
			<key>path</key>
			<string>libPods.a</string>
			<key>sourceTree</key>
			<string>BUILT_PRODUCTS_DIR</string>
		</dict>
		<key>A930C94F7FED45E3B5E7D9BD</key>
		<dict>
			<key>buildActionMask</key>
			<string>2147483647</string>
			<key>files</key>
			<array/>
			<key>inputPaths</key>
			<array/>
			<key>isa</key>
			<string>PBXShellScriptBuildPhase</string>
			<key>name</key>
			<string>Copy Pods Resources</string>
			<key>outputPaths</key>
			<array/>
			<key>runOnlyForDeploymentPostprocessing</key>
			<string>0</string>
			<key>shellPath</key>
			<string>/bin/sh</string>
			<key>shellScript</key>
			<string>"${SRCROOT}/Pods/Target Support Files/Pods/Pods-resources.sh"
</string>
			<key>showEnvVarsInLog</key>
			<string>0</string>
		</dict>
		<key>AAEBCA2C195948950065848E</key>
		<dict>
			<key>isa</key>
			<string>PBXFileReference</string>
			<key>lastKnownFileType</key>
			<string>text</string>
			<key>name</key>
			<string>LIYDateTimePicker.podspec</string>
			<key>path</key>
			<string>../LIYDateTimePicker.podspec</string>
			<key>sourceTree</key>
			<string>&lt;group&gt;</string>
		</dict>
		<key>B737BC27809E40EDAB73D254</key>
		<dict>
			<key>fileRef</key>
			<string>86CB68FA9A864D7DB8411DB4</string>
			<key>isa</key>
			<string>PBXBuildFile</string>
		</dict>
		<key>D2B220969BDC49B78A327BDF</key>
		<dict>
			<key>buildActionMask</key>
			<string>2147483647</string>
			<key>files</key>
			<array/>
			<key>inputPaths</key>
			<array/>
			<key>isa</key>
			<string>PBXShellScriptBuildPhase</string>
			<key>name</key>
			<string>Check Pods Manifest.lock</string>
			<key>outputPaths</key>
			<array/>
			<key>runOnlyForDeploymentPostprocessing</key>
			<string>0</string>
			<key>shellPath</key>
			<string>/bin/sh</string>
			<key>shellScript</key>
			<string>diff "${PODS_ROOT}/../Podfile.lock" "${PODS_ROOT}/Manifest.lock" &gt; /dev/null
if [[ $? != 0 ]] ; then
    cat &lt;&lt; EOM
error: The sandbox is not in sync with the Podfile.lock. Run 'pod install' or update your CocoaPods installation.
EOM
    exit 1
fi
</string>
			<key>showEnvVarsInLog</key>
			<string>0</string>
		</dict>
		<key>F8C77E9B9DFA7EBC25F12E06</key>
		<dict>
			<key>children</key>
			<array>
				<string>2ABDD0230DDD60A896854CFB</string>
				<string>62F96872DCDA365C53B72A10</string>
			</array>
			<key>isa</key>
			<string>PBXGroup</string>
			<key>name</key>
			<string>Pods</string>
			<key>sourceTree</key>
			<string>&lt;group&gt;</string>
		</dict>
		<key>FE697C5C193AD37400D84E6C</key>
		<dict>
			<key>children</key>
			<array>
				<string>FE7AE14F19536C6C0096E350</string>
				<string>FE697C6E193AD37400D84E6C</string>
				<string>FE697C8D193AD37400D84E6C</string>
				<string>FE697C67193AD37400D84E6C</string>
				<string>FE697C66193AD37400D84E6C</string>
				<string>AAEBCA2C195948950065848E</string>
				<string>F8C77E9B9DFA7EBC25F12E06</string>
			</array>
			<key>isa</key>
			<string>PBXGroup</string>
			<key>sourceTree</key>
			<string>&lt;group&gt;</string>
		</dict>
		<key>FE697C5D193AD37400D84E6C</key>
		<dict>
			<key>attributes</key>
			<dict>
				<key>LastUpgradeCheck</key>
				<string>0510</string>
				<key>ORGANIZATIONNAME</key>
				<string>Liron Yahdav</string>
				<key>TargetAttributes</key>
				<dict>
					<key>FE697C85193AD37400D84E6C</key>
					<dict>
						<key>TestTargetID</key>
						<string>FE697C64193AD37400D84E6C</string>
					</dict>
				</dict>
			</dict>
			<key>buildConfigurationList</key>
			<string>FE697C60193AD37400D84E6C</string>
			<key>compatibilityVersion</key>
			<string>Xcode 3.2</string>
			<key>developmentRegion</key>
			<string>English</string>
			<key>hasScannedForEncodings</key>
			<string>0</string>
			<key>isa</key>
			<string>PBXProject</string>
			<key>knownRegions</key>
			<array>
				<string>en</string>
				<string>Base</string>
			</array>
			<key>mainGroup</key>
			<string>FE697C5C193AD37400D84E6C</string>
			<key>productRefGroup</key>
			<string>FE697C66193AD37400D84E6C</string>
			<key>projectDirPath</key>
			<string></string>
			<key>projectReferences</key>
			<array/>
			<key>projectRoot</key>
			<string></string>
			<key>targets</key>
			<array>
				<string>FE697C64193AD37400D84E6C</string>
				<string>FE697C85193AD37400D84E6C</string>
			</array>
		</dict>
		<key>FE697C60193AD37400D84E6C</key>
		<dict>
			<key>buildConfigurations</key>
			<array>
				<string>FE697C95193AD37400D84E6C</string>
				<string>FE697C96193AD37400D84E6C</string>
			</array>
			<key>defaultConfigurationIsVisible</key>
			<string>0</string>
			<key>defaultConfigurationName</key>
			<string>Release</string>
			<key>isa</key>
			<string>XCConfigurationList</string>
		</dict>
		<key>FE697C61193AD37400D84E6C</key>
		<dict>
			<key>buildActionMask</key>
			<string>2147483647</string>
			<key>files</key>
			<array>
				<string>FE697C7F193AD37400D84E6C</string>
				<string>FE7AE16619536C6C0096E350</string>
				<string>FE7AE16B19536C6C0096E350</string>
				<string>FE7AE16A19536C6C0096E350</string>
				<string>FE7AE16719536C6C0096E350</string>
				<string>FE7AE16819536C6C0096E350</string>
				<string>FE7AE16919536C6C0096E350</string>
				<string>FE7AE16519536C6C0096E350</string>
				<string>FE697C79193AD37400D84E6C</string>
				<string>FE7AE16319536C6C0096E350</string>
				<string>FE7AE16419536C6C0096E350</string>
				<string>FE697C75193AD37400D84E6C</string>
			</array>
			<key>isa</key>
			<string>PBXSourcesBuildPhase</string>
			<key>runOnlyForDeploymentPostprocessing</key>
			<string>0</string>
		</dict>
		<key>FE697C62193AD37400D84E6C</key>
		<dict>
			<key>buildActionMask</key>
			<string>2147483647</string>
			<key>files</key>
			<array>
				<string>FE697C6B193AD37400D84E6C</string>
				<string>FE697C6D193AD37400D84E6C</string>
				<string>FE697C69193AD37400D84E6C</string>
				<string>B737BC27809E40EDAB73D254</string>
			</array>
			<key>isa</key>
			<string>PBXFrameworksBuildPhase</string>
			<key>runOnlyForDeploymentPostprocessing</key>
			<string>0</string>
		</dict>
		<key>FE697C63193AD37400D84E6C</key>
		<dict>
			<key>buildActionMask</key>
			<string>2147483647</string>
			<key>files</key>
			<array>
				<string>FE697C81193AD37400D84E6C</string>
				<string>FE697C73193AD37400D84E6C</string>
				<string>FE697C7C193AD37400D84E6C</string>
			</array>
			<key>isa</key>
			<string>PBXResourcesBuildPhase</string>
			<key>runOnlyForDeploymentPostprocessing</key>
			<string>0</string>
		</dict>
		<key>FE697C64193AD37400D84E6C</key>
		<dict>
			<key>buildConfigurationList</key>
			<string>FE697C97193AD37400D84E6C</string>
			<key>buildPhases</key>
			<array>
				<string>D2B220969BDC49B78A327BDF</string>
				<string>FE697C61193AD37400D84E6C</string>
				<string>FE697C62193AD37400D84E6C</string>
				<string>FE697C63193AD37400D84E6C</string>
				<string>A930C94F7FED45E3B5E7D9BD</string>
			</array>
			<key>buildRules</key>
			<array/>
			<key>dependencies</key>
			<array/>
			<key>isa</key>
			<string>PBXNativeTarget</string>
			<key>name</key>
			<string>LIYDateTimePickerExample</string>
			<key>productName</key>
			<string>LIYDateTimePickerExample</string>
			<key>productReference</key>
			<string>FE697C65193AD37400D84E6C</string>
			<key>productType</key>
			<string>com.apple.product-type.application</string>
		</dict>
		<key>FE697C65193AD37400D84E6C</key>
		<dict>
			<key>explicitFileType</key>
			<string>wrapper.application</string>
			<key>includeInIndex</key>
			<string>0</string>
			<key>isa</key>
			<string>PBXFileReference</string>
			<key>path</key>
			<string>LIYDateTimePickerExample.app</string>
			<key>sourceTree</key>
			<string>BUILT_PRODUCTS_DIR</string>
		</dict>
		<key>FE697C66193AD37400D84E6C</key>
		<dict>
			<key>children</key>
			<array>
				<string>FE697C65193AD37400D84E6C</string>
				<string>FE697C86193AD37400D84E6C</string>
			</array>
			<key>isa</key>
			<string>PBXGroup</string>
			<key>name</key>
			<string>Products</string>
			<key>sourceTree</key>
			<string>&lt;group&gt;</string>
		</dict>
		<key>FE697C67193AD37400D84E6C</key>
		<dict>
			<key>children</key>
			<array>
				<string>FE697C68193AD37400D84E6C</string>
				<string>FE697C6A193AD37400D84E6C</string>
				<string>FE697C6C193AD37400D84E6C</string>
				<string>FE697C87193AD37400D84E6C</string>
				<string>86CB68FA9A864D7DB8411DB4</string>
			</array>
			<key>isa</key>
			<string>PBXGroup</string>
			<key>name</key>
			<string>Frameworks</string>
			<key>sourceTree</key>
			<string>&lt;group&gt;</string>
		</dict>
		<key>FE697C68193AD37400D84E6C</key>
		<dict>
			<key>isa</key>
			<string>PBXFileReference</string>
			<key>lastKnownFileType</key>
			<string>wrapper.framework</string>
			<key>name</key>
			<string>Foundation.framework</string>
			<key>path</key>
			<string>System/Library/Frameworks/Foundation.framework</string>
			<key>sourceTree</key>
			<string>SDKROOT</string>
		</dict>
		<key>FE697C69193AD37400D84E6C</key>
		<dict>
			<key>fileRef</key>
			<string>FE697C68193AD37400D84E6C</string>
			<key>isa</key>
			<string>PBXBuildFile</string>
		</dict>
		<key>FE697C6A193AD37400D84E6C</key>
		<dict>
			<key>isa</key>
			<string>PBXFileReference</string>
			<key>lastKnownFileType</key>
			<string>wrapper.framework</string>
			<key>name</key>
			<string>CoreGraphics.framework</string>
			<key>path</key>
			<string>System/Library/Frameworks/CoreGraphics.framework</string>
			<key>sourceTree</key>
			<string>SDKROOT</string>
		</dict>
		<key>FE697C6B193AD37400D84E6C</key>
		<dict>
			<key>fileRef</key>
			<string>FE697C6A193AD37400D84E6C</string>
			<key>isa</key>
			<string>PBXBuildFile</string>
		</dict>
		<key>FE697C6C193AD37400D84E6C</key>
		<dict>
			<key>isa</key>
			<string>PBXFileReference</string>
			<key>lastKnownFileType</key>
			<string>wrapper.framework</string>
			<key>name</key>
			<string>UIKit.framework</string>
			<key>path</key>
			<string>System/Library/Frameworks/UIKit.framework</string>
			<key>sourceTree</key>
			<string>SDKROOT</string>
		</dict>
		<key>FE697C6D193AD37400D84E6C</key>
		<dict>
			<key>fileRef</key>
			<string>FE697C6C193AD37400D84E6C</string>
			<key>isa</key>
			<string>PBXBuildFile</string>
		</dict>
		<key>FE697C6E193AD37400D84E6C</key>
		<dict>
			<key>children</key>
			<array>
				<string>FE697C77193AD37400D84E6C</string>
				<string>FE697C78193AD37400D84E6C</string>
				<string>FE697C7A193AD37400D84E6C</string>
				<string>FE697C7D193AD37400D84E6C</string>
				<string>FE697C7E193AD37400D84E6C</string>
				<string>FE697C80193AD37400D84E6C</string>
				<string>FE697C6F193AD37400D84E6C</string>
			</array>
			<key>isa</key>
			<string>PBXGroup</string>
			<key>path</key>
			<string>LIYDateTimePickerExample</string>
			<key>sourceTree</key>
			<string>&lt;group&gt;</string>
		</dict>
		<key>FE697C6F193AD37400D84E6C</key>
		<dict>
			<key>children</key>
			<array>
				<string>FE697C70193AD37400D84E6C</string>
				<string>FE697C71193AD37400D84E6C</string>
				<string>FE697C74193AD37400D84E6C</string>
				<string>FE697C76193AD37400D84E6C</string>
			</array>
			<key>isa</key>
			<string>PBXGroup</string>
			<key>name</key>
			<string>Supporting Files</string>
			<key>sourceTree</key>
			<string>&lt;group&gt;</string>
		</dict>
		<key>FE697C70193AD37400D84E6C</key>
		<dict>
			<key>isa</key>
			<string>PBXFileReference</string>
			<key>lastKnownFileType</key>
			<string>text.plist.xml</string>
			<key>path</key>
			<string>LIYDateTimePickerExample-Info.plist</string>
			<key>sourceTree</key>
			<string>&lt;group&gt;</string>
		</dict>
		<key>FE697C71193AD37400D84E6C</key>
		<dict>
			<key>children</key>
			<array>
				<string>FE697C72193AD37400D84E6C</string>
			</array>
			<key>isa</key>
			<string>PBXVariantGroup</string>
			<key>name</key>
			<string>InfoPlist.strings</string>
			<key>sourceTree</key>
			<string>&lt;group&gt;</string>
		</dict>
		<key>FE697C72193AD37400D84E6C</key>
		<dict>
			<key>isa</key>
			<string>PBXFileReference</string>
			<key>lastKnownFileType</key>
			<string>text.plist.strings</string>
			<key>name</key>
			<string>en</string>
			<key>path</key>
			<string>en.lproj/InfoPlist.strings</string>
			<key>sourceTree</key>
			<string>&lt;group&gt;</string>
		</dict>
		<key>FE697C73193AD37400D84E6C</key>
		<dict>
			<key>fileRef</key>
			<string>FE697C71193AD37400D84E6C</string>
			<key>isa</key>
			<string>PBXBuildFile</string>
		</dict>
		<key>FE697C74193AD37400D84E6C</key>
		<dict>
			<key>isa</key>
			<string>PBXFileReference</string>
			<key>lastKnownFileType</key>
			<string>sourcecode.c.objc</string>
			<key>path</key>
			<string>main.m</string>
			<key>sourceTree</key>
			<string>&lt;group&gt;</string>
		</dict>
		<key>FE697C75193AD37400D84E6C</key>
		<dict>
			<key>fileRef</key>
			<string>FE697C74193AD37400D84E6C</string>
			<key>isa</key>
			<string>PBXBuildFile</string>
		</dict>
		<key>FE697C76193AD37400D84E6C</key>
		<dict>
			<key>isa</key>
			<string>PBXFileReference</string>
			<key>lastKnownFileType</key>
			<string>sourcecode.c.h</string>
			<key>path</key>
			<string>LIYDateTimePickerExample-Prefix.pch</string>
			<key>sourceTree</key>
			<string>&lt;group&gt;</string>
		</dict>
		<key>FE697C77193AD37400D84E6C</key>
		<dict>
			<key>isa</key>
			<string>PBXFileReference</string>
			<key>lastKnownFileType</key>
			<string>sourcecode.c.h</string>
			<key>path</key>
			<string>AppDelegate.h</string>
			<key>sourceTree</key>
			<string>&lt;group&gt;</string>
		</dict>
		<key>FE697C78193AD37400D84E6C</key>
		<dict>
			<key>isa</key>
			<string>PBXFileReference</string>
			<key>lastKnownFileType</key>
			<string>sourcecode.c.objc</string>
			<key>path</key>
			<string>AppDelegate.m</string>
			<key>sourceTree</key>
			<string>&lt;group&gt;</string>
		</dict>
		<key>FE697C79193AD37400D84E6C</key>
		<dict>
			<key>fileRef</key>
			<string>FE697C78193AD37400D84E6C</string>
			<key>isa</key>
			<string>PBXBuildFile</string>
		</dict>
		<key>FE697C7A193AD37400D84E6C</key>
		<dict>
			<key>children</key>
			<array>
				<string>FE697C7B193AD37400D84E6C</string>
			</array>
			<key>isa</key>
			<string>PBXVariantGroup</string>
			<key>name</key>
			<string>Main.storyboard</string>
			<key>sourceTree</key>
			<string>&lt;group&gt;</string>
		</dict>
		<key>FE697C7B193AD37400D84E6C</key>
		<dict>
			<key>isa</key>
			<string>PBXFileReference</string>
			<key>lastKnownFileType</key>
			<string>file.storyboard</string>
			<key>name</key>
			<string>Base</string>
			<key>path</key>
			<string>Base.lproj/Main.storyboard</string>
			<key>sourceTree</key>
			<string>&lt;group&gt;</string>
		</dict>
		<key>FE697C7C193AD37400D84E6C</key>
		<dict>
			<key>fileRef</key>
			<string>FE697C7A193AD37400D84E6C</string>
			<key>isa</key>
			<string>PBXBuildFile</string>
		</dict>
		<key>FE697C7D193AD37400D84E6C</key>
		<dict>
			<key>isa</key>
			<string>PBXFileReference</string>
			<key>lastKnownFileType</key>
			<string>sourcecode.c.h</string>
			<key>path</key>
			<string>ViewController.h</string>
			<key>sourceTree</key>
			<string>&lt;group&gt;</string>
		</dict>
		<key>FE697C7E193AD37400D84E6C</key>
		<dict>
			<key>isa</key>
			<string>PBXFileReference</string>
			<key>lastKnownFileType</key>
			<string>sourcecode.c.objc</string>
			<key>path</key>
			<string>ViewController.m</string>
			<key>sourceTree</key>
			<string>&lt;group&gt;</string>
		</dict>
		<key>FE697C7F193AD37400D84E6C</key>
		<dict>
			<key>fileRef</key>
			<string>FE697C7E193AD37400D84E6C</string>
			<key>isa</key>
			<string>PBXBuildFile</string>
		</dict>
		<key>FE697C80193AD37400D84E6C</key>
		<dict>
			<key>isa</key>
			<string>PBXFileReference</string>
			<key>lastKnownFileType</key>
			<string>folder.assetcatalog</string>
			<key>path</key>
			<string>Images.xcassets</string>
			<key>sourceTree</key>
			<string>&lt;group&gt;</string>
		</dict>
		<key>FE697C81193AD37400D84E6C</key>
		<dict>
			<key>fileRef</key>
			<string>FE697C80193AD37400D84E6C</string>
			<key>isa</key>
			<string>PBXBuildFile</string>
		</dict>
		<key>FE697C82193AD37400D84E6C</key>
		<dict>
			<key>buildActionMask</key>
			<string>2147483647</string>
			<key>files</key>
			<array>
				<string>FE697C94193AD37400D84E6C</string>
			</array>
			<key>isa</key>
			<string>PBXSourcesBuildPhase</string>
			<key>runOnlyForDeploymentPostprocessing</key>
			<string>0</string>
		</dict>
		<key>FE697C83193AD37400D84E6C</key>
		<dict>
			<key>buildActionMask</key>
			<string>2147483647</string>
			<key>files</key>
			<array>
				<string>FE697C88193AD37400D84E6C</string>
				<string>FE697C8A193AD37400D84E6C</string>
				<string>FE697C89193AD37400D84E6C</string>
			</array>
			<key>isa</key>
			<string>PBXFrameworksBuildPhase</string>
			<key>runOnlyForDeploymentPostprocessing</key>
			<string>0</string>
		</dict>
		<key>FE697C84193AD37400D84E6C</key>
		<dict>
			<key>buildActionMask</key>
			<string>2147483647</string>
			<key>files</key>
			<array>
				<string>FE697C92193AD37400D84E6C</string>
			</array>
			<key>isa</key>
			<string>PBXResourcesBuildPhase</string>
			<key>runOnlyForDeploymentPostprocessing</key>
			<string>0</string>
		</dict>
		<key>FE697C85193AD37400D84E6C</key>
		<dict>
			<key>buildConfigurationList</key>
			<string>FE697C9A193AD37400D84E6C</string>
			<key>buildPhases</key>
			<array>
				<string>FE697C82193AD37400D84E6C</string>
				<string>FE697C83193AD37400D84E6C</string>
				<string>FE697C84193AD37400D84E6C</string>
			</array>
			<key>buildRules</key>
			<array/>
			<key>dependencies</key>
			<array>
				<string>FE697C8C193AD37400D84E6C</string>
			</array>
			<key>isa</key>
			<string>PBXNativeTarget</string>
			<key>name</key>
			<string>LIYDateTimePickerExampleTests</string>
			<key>productName</key>
			<string>LIYDateTimePickerExampleTests</string>
			<key>productReference</key>
			<string>FE697C86193AD37400D84E6C</string>
			<key>productType</key>
			<string>com.apple.product-type.bundle.unit-test</string>
		</dict>
		<key>FE697C86193AD37400D84E6C</key>
		<dict>
			<key>explicitFileType</key>
			<string>wrapper.cfbundle</string>
			<key>includeInIndex</key>
			<string>0</string>
			<key>isa</key>
			<string>PBXFileReference</string>
			<key>path</key>
			<string>LIYDateTimePickerExampleTests.xctest</string>
			<key>sourceTree</key>
			<string>BUILT_PRODUCTS_DIR</string>
		</dict>
		<key>FE697C87193AD37400D84E6C</key>
		<dict>
			<key>isa</key>
			<string>PBXFileReference</string>
			<key>lastKnownFileType</key>
			<string>wrapper.framework</string>
			<key>name</key>
			<string>XCTest.framework</string>
			<key>path</key>
			<string>Library/Frameworks/XCTest.framework</string>
			<key>sourceTree</key>
			<string>DEVELOPER_DIR</string>
		</dict>
		<key>FE697C88193AD37400D84E6C</key>
		<dict>
			<key>fileRef</key>
			<string>FE697C87193AD37400D84E6C</string>
			<key>isa</key>
			<string>PBXBuildFile</string>
		</dict>
		<key>FE697C89193AD37400D84E6C</key>
		<dict>
			<key>fileRef</key>
			<string>FE697C68193AD37400D84E6C</string>
			<key>isa</key>
			<string>PBXBuildFile</string>
		</dict>
		<key>FE697C8A193AD37400D84E6C</key>
		<dict>
			<key>fileRef</key>
			<string>FE697C6C193AD37400D84E6C</string>
			<key>isa</key>
			<string>PBXBuildFile</string>
		</dict>
		<key>FE697C8B193AD37400D84E6C</key>
		<dict>
			<key>containerPortal</key>
			<string>FE697C5D193AD37400D84E6C</string>
			<key>isa</key>
			<string>PBXContainerItemProxy</string>
			<key>proxyType</key>
			<string>1</string>
			<key>remoteGlobalIDString</key>
			<string>FE697C64193AD37400D84E6C</string>
			<key>remoteInfo</key>
			<string>LIYDateTimePickerExample</string>
		</dict>
		<key>FE697C8C193AD37400D84E6C</key>
		<dict>
			<key>isa</key>
			<string>PBXTargetDependency</string>
			<key>target</key>
			<string>FE697C64193AD37400D84E6C</string>
			<key>targetProxy</key>
			<string>FE697C8B193AD37400D84E6C</string>
		</dict>
		<key>FE697C8D193AD37400D84E6C</key>
		<dict>
			<key>children</key>
			<array>
				<string>FE697C93193AD37400D84E6C</string>
				<string>FE697C8E193AD37400D84E6C</string>
			</array>
			<key>isa</key>
			<string>PBXGroup</string>
			<key>path</key>
			<string>LIYDateTimePickerExampleTests</string>
			<key>sourceTree</key>
			<string>&lt;group&gt;</string>
		</dict>
		<key>FE697C8E193AD37400D84E6C</key>
		<dict>
			<key>children</key>
			<array>
				<string>FE697C8F193AD37400D84E6C</string>
				<string>FE697C90193AD37400D84E6C</string>
			</array>
			<key>isa</key>
			<string>PBXGroup</string>
			<key>name</key>
			<string>Supporting Files</string>
			<key>sourceTree</key>
			<string>&lt;group&gt;</string>
		</dict>
		<key>FE697C8F193AD37400D84E6C</key>
		<dict>
			<key>isa</key>
			<string>PBXFileReference</string>
			<key>lastKnownFileType</key>
			<string>text.plist.xml</string>
			<key>path</key>
			<string>LIYDateTimePickerExampleTests-Info.plist</string>
			<key>sourceTree</key>
			<string>&lt;group&gt;</string>
		</dict>
		<key>FE697C90193AD37400D84E6C</key>
		<dict>
			<key>children</key>
			<array>
				<string>FE697C91193AD37400D84E6C</string>
			</array>
			<key>isa</key>
			<string>PBXVariantGroup</string>
			<key>name</key>
			<string>InfoPlist.strings</string>
			<key>sourceTree</key>
			<string>&lt;group&gt;</string>
		</dict>
		<key>FE697C91193AD37400D84E6C</key>
		<dict>
			<key>isa</key>
			<string>PBXFileReference</string>
			<key>lastKnownFileType</key>
			<string>text.plist.strings</string>
			<key>name</key>
			<string>en</string>
			<key>path</key>
			<string>en.lproj/InfoPlist.strings</string>
			<key>sourceTree</key>
			<string>&lt;group&gt;</string>
		</dict>
		<key>FE697C92193AD37400D84E6C</key>
		<dict>
			<key>fileRef</key>
			<string>FE697C90193AD37400D84E6C</string>
			<key>isa</key>
			<string>PBXBuildFile</string>
		</dict>
		<key>FE697C93193AD37400D84E6C</key>
		<dict>
			<key>isa</key>
			<string>PBXFileReference</string>
			<key>lastKnownFileType</key>
			<string>sourcecode.c.objc</string>
			<key>path</key>
			<string>LIYDateTimePickerExampleTests.m</string>
			<key>sourceTree</key>
			<string>&lt;group&gt;</string>
		</dict>
		<key>FE697C94193AD37400D84E6C</key>
		<dict>
			<key>fileRef</key>
			<string>FE697C93193AD37400D84E6C</string>
			<key>isa</key>
			<string>PBXBuildFile</string>
		</dict>
		<key>FE697C95193AD37400D84E6C</key>
		<dict>
			<key>buildSettings</key>
			<dict>
				<key>ALWAYS_SEARCH_USER_PATHS</key>
				<string>NO</string>
				<key>CLANG_CXX_LANGUAGE_STANDARD</key>
				<string>gnu++0x</string>
				<key>CLANG_CXX_LIBRARY</key>
				<string>libc++</string>
				<key>CLANG_ENABLE_MODULES</key>
				<string>YES</string>
				<key>CLANG_ENABLE_OBJC_ARC</key>
				<string>YES</string>
				<key>CLANG_WARN_BOOL_CONVERSION</key>
				<string>YES</string>
				<key>CLANG_WARN_CONSTANT_CONVERSION</key>
				<string>YES</string>
				<key>CLANG_WARN_DIRECT_OBJC_ISA_USAGE</key>
				<string>YES_ERROR</string>
				<key>CLANG_WARN_EMPTY_BODY</key>
				<string>YES</string>
				<key>CLANG_WARN_ENUM_CONVERSION</key>
				<string>YES</string>
				<key>CLANG_WARN_INT_CONVERSION</key>
				<string>YES</string>
				<key>CLANG_WARN_OBJC_ROOT_CLASS</key>
				<string>YES_ERROR</string>
				<key>CLANG_WARN__DUPLICATE_METHOD_MATCH</key>
				<string>YES</string>
				<key>CODE_SIGN_IDENTITY[sdk=iphoneos*]</key>
				<string>iPhone Developer</string>
				<key>COPY_PHASE_STRIP</key>
				<string>NO</string>
				<key>GCC_C_LANGUAGE_STANDARD</key>
				<string>gnu99</string>
				<key>GCC_DYNAMIC_NO_PIC</key>
				<string>NO</string>
				<key>GCC_OPTIMIZATION_LEVEL</key>
				<string>0</string>
				<key>GCC_PREPROCESSOR_DEFINITIONS</key>
				<array>
					<string>DEBUG=1</string>
					<string>$(inherited)</string>
				</array>
				<key>GCC_SYMBOLS_PRIVATE_EXTERN</key>
				<string>NO</string>
				<key>GCC_WARN_64_TO_32_BIT_CONVERSION</key>
				<string>YES</string>
				<key>GCC_WARN_ABOUT_RETURN_TYPE</key>
				<string>YES_ERROR</string>
				<key>GCC_WARN_UNDECLARED_SELECTOR</key>
				<string>YES</string>
				<key>GCC_WARN_UNINITIALIZED_AUTOS</key>
				<string>YES_AGGRESSIVE</string>
				<key>GCC_WARN_UNUSED_FUNCTION</key>
				<string>YES</string>
				<key>GCC_WARN_UNUSED_VARIABLE</key>
				<string>YES</string>
				<key>IPHONEOS_DEPLOYMENT_TARGET</key>
				<string>7.1</string>
				<key>ONLY_ACTIVE_ARCH</key>
				<string>YES</string>
				<key>SDKROOT</key>
				<string>iphoneos</string>
			</dict>
			<key>isa</key>
			<string>XCBuildConfiguration</string>
			<key>name</key>
			<string>Debug</string>
		</dict>
		<key>FE697C96193AD37400D84E6C</key>
		<dict>
			<key>buildSettings</key>
			<dict>
				<key>ALWAYS_SEARCH_USER_PATHS</key>
				<string>NO</string>
				<key>CLANG_CXX_LANGUAGE_STANDARD</key>
				<string>gnu++0x</string>
				<key>CLANG_CXX_LIBRARY</key>
				<string>libc++</string>
				<key>CLANG_ENABLE_MODULES</key>
				<string>YES</string>
				<key>CLANG_ENABLE_OBJC_ARC</key>
				<string>YES</string>
				<key>CLANG_WARN_BOOL_CONVERSION</key>
				<string>YES</string>
				<key>CLANG_WARN_CONSTANT_CONVERSION</key>
				<string>YES</string>
				<key>CLANG_WARN_DIRECT_OBJC_ISA_USAGE</key>
				<string>YES_ERROR</string>
				<key>CLANG_WARN_EMPTY_BODY</key>
				<string>YES</string>
				<key>CLANG_WARN_ENUM_CONVERSION</key>
				<string>YES</string>
				<key>CLANG_WARN_INT_CONVERSION</key>
				<string>YES</string>
				<key>CLANG_WARN_OBJC_ROOT_CLASS</key>
				<string>YES_ERROR</string>
				<key>CLANG_WARN__DUPLICATE_METHOD_MATCH</key>
				<string>YES</string>
				<key>CODE_SIGN_IDENTITY[sdk=iphoneos*]</key>
				<string>iPhone Developer</string>
				<key>COPY_PHASE_STRIP</key>
				<string>YES</string>
				<key>ENABLE_NS_ASSERTIONS</key>
				<string>NO</string>
				<key>GCC_C_LANGUAGE_STANDARD</key>
				<string>gnu99</string>
				<key>GCC_WARN_64_TO_32_BIT_CONVERSION</key>
				<string>YES</string>
				<key>GCC_WARN_ABOUT_RETURN_TYPE</key>
				<string>YES_ERROR</string>
				<key>GCC_WARN_UNDECLARED_SELECTOR</key>
				<string>YES</string>
				<key>GCC_WARN_UNINITIALIZED_AUTOS</key>
				<string>YES_AGGRESSIVE</string>
				<key>GCC_WARN_UNUSED_FUNCTION</key>
				<string>YES</string>
				<key>GCC_WARN_UNUSED_VARIABLE</key>
				<string>YES</string>
				<key>IPHONEOS_DEPLOYMENT_TARGET</key>
				<string>7.1</string>
				<key>SDKROOT</key>
				<string>iphoneos</string>
				<key>VALIDATE_PRODUCT</key>
				<string>YES</string>
			</dict>
			<key>isa</key>
			<string>XCBuildConfiguration</string>
			<key>name</key>
			<string>Release</string>
		</dict>
		<key>FE697C97193AD37400D84E6C</key>
		<dict>
			<key>buildConfigurations</key>
			<array>
				<string>FE697C98193AD37400D84E6C</string>
				<string>FE697C99193AD37400D84E6C</string>
			</array>
			<key>defaultConfigurationIsVisible</key>
			<string>0</string>
			<key>defaultConfigurationName</key>
			<string>Release</string>
			<key>isa</key>
			<string>XCConfigurationList</string>
		</dict>
		<key>FE697C98193AD37400D84E6C</key>
		<dict>
			<key>baseConfigurationReference</key>
			<string>2ABDD0230DDD60A896854CFB</string>
			<key>buildSettings</key>
			<dict>
				<key>ASSETCATALOG_COMPILER_APPICON_NAME</key>
				<string>AppIcon</string>
				<key>ASSETCATALOG_COMPILER_LAUNCHIMAGE_NAME</key>
				<string>LaunchImage</string>
				<key>GCC_PRECOMPILE_PREFIX_HEADER</key>
				<string>YES</string>
				<key>GCC_PREFIX_HEADER</key>
				<string>LIYDateTimePickerExample/LIYDateTimePickerExample-Prefix.pch</string>
				<key>INFOPLIST_FILE</key>
				<string>LIYDateTimePickerExample/LIYDateTimePickerExample-Info.plist</string>
				<key>PRODUCT_NAME</key>
				<string>$(TARGET_NAME)</string>
				<key>WRAPPER_EXTENSION</key>
				<string>app</string>
			</dict>
			<key>isa</key>
			<string>XCBuildConfiguration</string>
			<key>name</key>
			<string>Debug</string>
		</dict>
		<key>FE697C99193AD37400D84E6C</key>
		<dict>
			<key>baseConfigurationReference</key>
			<string>62F96872DCDA365C53B72A10</string>
			<key>buildSettings</key>
			<dict>
				<key>ASSETCATALOG_COMPILER_APPICON_NAME</key>
				<string>AppIcon</string>
				<key>ASSETCATALOG_COMPILER_LAUNCHIMAGE_NAME</key>
				<string>LaunchImage</string>
				<key>GCC_PRECOMPILE_PREFIX_HEADER</key>
				<string>YES</string>
				<key>GCC_PREFIX_HEADER</key>
				<string>LIYDateTimePickerExample/LIYDateTimePickerExample-Prefix.pch</string>
				<key>INFOPLIST_FILE</key>
				<string>LIYDateTimePickerExample/LIYDateTimePickerExample-Info.plist</string>
				<key>PRODUCT_NAME</key>
				<string>$(TARGET_NAME)</string>
				<key>WRAPPER_EXTENSION</key>
				<string>app</string>
			</dict>
			<key>isa</key>
			<string>XCBuildConfiguration</string>
			<key>name</key>
			<string>Release</string>
		</dict>
		<key>FE697C9A193AD37400D84E6C</key>
		<dict>
			<key>buildConfigurations</key>
			<array>
				<string>FE697C9B193AD37400D84E6C</string>
				<string>FE697C9C193AD37400D84E6C</string>
			</array>
			<key>defaultConfigurationIsVisible</key>
			<string>0</string>
			<key>defaultConfigurationName</key>
			<string>Release</string>
			<key>isa</key>
			<string>XCConfigurationList</string>
		</dict>
		<key>FE697C9B193AD37400D84E6C</key>
		<dict>
			<key>buildSettings</key>
			<dict>
				<key>BUNDLE_LOADER</key>
				<string>$(BUILT_PRODUCTS_DIR)/LIYDateTimePickerExample.app/LIYDateTimePickerExample</string>
				<key>FRAMEWORK_SEARCH_PATHS</key>
				<array>
					<string>$(SDKROOT)/Developer/Library/Frameworks</string>
					<string>$(inherited)</string>
					<string>$(DEVELOPER_FRAMEWORKS_DIR)</string>
				</array>
				<key>GCC_PRECOMPILE_PREFIX_HEADER</key>
				<string>YES</string>
				<key>GCC_PREFIX_HEADER</key>
				<string>LIYDateTimePickerExample/LIYDateTimePickerExample-Prefix.pch</string>
				<key>GCC_PREPROCESSOR_DEFINITIONS</key>
				<array>
					<string>DEBUG=1</string>
					<string>$(inherited)</string>
				</array>
				<key>INFOPLIST_FILE</key>
				<string>LIYDateTimePickerExampleTests/LIYDateTimePickerExampleTests-Info.plist</string>
				<key>PRODUCT_NAME</key>
				<string>$(TARGET_NAME)</string>
				<key>TEST_HOST</key>
				<string>$(BUNDLE_LOADER)</string>
				<key>WRAPPER_EXTENSION</key>
				<string>xctest</string>
			</dict>
			<key>isa</key>
			<string>XCBuildConfiguration</string>
			<key>name</key>
			<string>Debug</string>
		</dict>
		<key>FE697C9C193AD37400D84E6C</key>
		<dict>
			<key>buildSettings</key>
			<dict>
				<key>BUNDLE_LOADER</key>
				<string>$(BUILT_PRODUCTS_DIR)/LIYDateTimePickerExample.app/LIYDateTimePickerExample</string>
				<key>FRAMEWORK_SEARCH_PATHS</key>
				<array>
					<string>$(SDKROOT)/Developer/Library/Frameworks</string>
					<string>$(inherited)</string>
					<string>$(DEVELOPER_FRAMEWORKS_DIR)</string>
				</array>
				<key>GCC_PRECOMPILE_PREFIX_HEADER</key>
				<string>YES</string>
				<key>GCC_PREFIX_HEADER</key>
				<string>LIYDateTimePickerExample/LIYDateTimePickerExample-Prefix.pch</string>
				<key>INFOPLIST_FILE</key>
				<string>LIYDateTimePickerExampleTests/LIYDateTimePickerExampleTests-Info.plist</string>
				<key>PRODUCT_NAME</key>
				<string>$(TARGET_NAME)</string>
				<key>TEST_HOST</key>
				<string>$(BUNDLE_LOADER)</string>
				<key>WRAPPER_EXTENSION</key>
				<string>xctest</string>
			</dict>
			<key>isa</key>
			<string>XCBuildConfiguration</string>
			<key>name</key>
			<string>Release</string>
		</dict>
		<key>FE7AE14F19536C6C0096E350</key>
		<dict>
			<key>children</key>
			<array>
				<string>FE7AE15019536C6C0096E350</string>
				<string>FE7AE16119536C6C0096E350</string>
				<string>FE7AE16219536C6C0096E350</string>
			</array>
			<key>isa</key>
			<string>PBXGroup</string>
			<key>name</key>
			<string>Classes</string>
			<key>path</key>
			<string>../Classes</string>
			<key>sourceTree</key>
			<string>&lt;group&gt;</string>
		</dict>
		<key>FE7AE15019536C6C0096E350</key>
		<dict>
			<key>children</key>
			<array>
				<string>FE7AE15119536C6C0096E350</string>
				<string>FE7AE15219536C6C0096E350</string>
				<string>FE7AE15319536C6C0096E350</string>
				<string>FE7AE15419536C6C0096E350</string>
				<string>FE7AE15519536C6C0096E350</string>
				<string>FE7AE15619536C6C0096E350</string>
				<string>FE7AE15719536C6C0096E350</string>
				<string>FE7AE15819536C6C0096E350</string>
				<string>FE7AE15919536C6C0096E350</string>
				<string>FE7AE15A19536C6C0096E350</string>
				<string>FE7AE15B19536C6C0096E350</string>
				<string>FE7AE15C19536C6C0096E350</string>
				<string>FE7AE15D19536C6C0096E350</string>
				<string>FE7AE15E19536C6C0096E350</string>
				<string>FE7AE15F19536C6C0096E350</string>
				<string>FE7AE16019536C6C0096E350</string>
			</array>
			<key>isa</key>
			<string>PBXGroup</string>
			<key>path</key>
			<string>CollectionViewReusableViews</string>
			<key>sourceTree</key>
			<string>&lt;group&gt;</string>
		</dict>
		<key>FE7AE15119536C6C0096E350</key>
		<dict>
			<key>fileEncoding</key>
			<string>4</string>
			<key>isa</key>
			<string>PBXFileReference</string>
			<key>lastKnownFileType</key>
			<string>sourcecode.c.h</string>
			<key>path</key>
			<string>MSCurrentTimeGridline.h</string>
			<key>sourceTree</key>
			<string>&lt;group&gt;</string>
		</dict>
		<key>FE7AE15219536C6C0096E350</key>
		<dict>
			<key>fileEncoding</key>
			<string>4</string>
			<key>isa</key>
			<string>PBXFileReference</string>
			<key>lastKnownFileType</key>
			<string>sourcecode.c.objc</string>
			<key>path</key>
			<string>MSCurrentTimeGridline.m</string>
			<key>sourceTree</key>
			<string>&lt;group&gt;</string>
		</dict>
		<key>FE7AE15319536C6C0096E350</key>
		<dict>
			<key>fileEncoding</key>
			<string>4</string>
			<key>isa</key>
			<string>PBXFileReference</string>
			<key>lastKnownFileType</key>
			<string>sourcecode.c.h</string>
			<key>path</key>
			<string>MSCurrentTimeIndicator.h</string>
			<key>sourceTree</key>
			<string>&lt;group&gt;</string>
		</dict>
		<key>FE7AE15419536C6C0096E350</key>
		<dict>
			<key>fileEncoding</key>
			<string>4</string>
			<key>isa</key>
			<string>PBXFileReference</string>
			<key>lastKnownFileType</key>
			<string>sourcecode.c.objc</string>
			<key>path</key>
			<string>MSCurrentTimeIndicator.m</string>
			<key>sourceTree</key>
			<string>&lt;group&gt;</string>
		</dict>
		<key>FE7AE15519536C6C0096E350</key>
		<dict>
			<key>fileEncoding</key>
			<string>4</string>
			<key>isa</key>
			<string>PBXFileReference</string>
			<key>lastKnownFileType</key>
			<string>sourcecode.c.h</string>
			<key>path</key>
			<string>MSDayColumnHeader.h</string>
			<key>sourceTree</key>
			<string>&lt;group&gt;</string>
		</dict>
		<key>FE7AE15619536C6C0096E350</key>
		<dict>
			<key>fileEncoding</key>
			<string>4</string>
			<key>isa</key>
			<string>PBXFileReference</string>
			<key>lastKnownFileType</key>
			<string>sourcecode.c.objc</string>
			<key>path</key>
			<string>MSDayColumnHeader.m</string>
			<key>sourceTree</key>
			<string>&lt;group&gt;</string>
		</dict>
		<key>FE7AE15719536C6C0096E350</key>
		<dict>
			<key>fileEncoding</key>
			<string>4</string>
			<key>isa</key>
			<string>PBXFileReference</string>
			<key>lastKnownFileType</key>
			<string>sourcecode.c.h</string>
			<key>path</key>
			<string>MSDayColumnHeaderBackground.h</string>
			<key>sourceTree</key>
			<string>&lt;group&gt;</string>
		</dict>
		<key>FE7AE15819536C6C0096E350</key>
		<dict>
			<key>fileEncoding</key>
			<string>4</string>
			<key>isa</key>
			<string>PBXFileReference</string>
			<key>lastKnownFileType</key>
			<string>sourcecode.c.objc</string>
			<key>path</key>
			<string>MSDayColumnHeaderBackground.m</string>
			<key>sourceTree</key>
			<string>&lt;group&gt;</string>
		</dict>
		<key>FE7AE15919536C6C0096E350</key>
		<dict>
			<key>fileEncoding</key>
			<string>4</string>
			<key>isa</key>
			<string>PBXFileReference</string>
			<key>lastKnownFileType</key>
			<string>sourcecode.c.h</string>
			<key>path</key>
			<string>MSEventCell.h</string>
			<key>sourceTree</key>
			<string>&lt;group&gt;</string>
		</dict>
		<key>FE7AE15A19536C6C0096E350</key>
		<dict>
			<key>fileEncoding</key>
			<string>4</string>
			<key>isa</key>
			<string>PBXFileReference</string>
			<key>lastKnownFileType</key>
			<string>sourcecode.c.objc</string>
			<key>path</key>
			<string>MSEventCell.m</string>
			<key>sourceTree</key>
			<string>&lt;group&gt;</string>
		</dict>
		<key>FE7AE15B19536C6C0096E350</key>
		<dict>
			<key>fileEncoding</key>
			<string>4</string>
			<key>isa</key>
			<string>PBXFileReference</string>
			<key>lastKnownFileType</key>
			<string>sourcecode.c.h</string>
			<key>path</key>
			<string>MSGridline.h</string>
			<key>sourceTree</key>
			<string>&lt;group&gt;</string>
		</dict>
		<key>FE7AE15C19536C6C0096E350</key>
		<dict>
			<key>fileEncoding</key>
			<string>4</string>
			<key>isa</key>
			<string>PBXFileReference</string>
			<key>lastKnownFileType</key>
			<string>sourcecode.c.objc</string>
			<key>path</key>
			<string>MSGridline.m</string>
			<key>sourceTree</key>
			<string>&lt;group&gt;</string>
		</dict>
		<key>FE7AE15D19536C6C0096E350</key>
		<dict>
			<key>fileEncoding</key>
			<string>4</string>
			<key>isa</key>
			<string>PBXFileReference</string>
			<key>lastKnownFileType</key>
			<string>sourcecode.c.h</string>
			<key>path</key>
			<string>MSTimeRowHeader.h</string>
			<key>sourceTree</key>
			<string>&lt;group&gt;</string>
		</dict>
		<key>FE7AE15E19536C6C0096E350</key>
		<dict>
			<key>fileEncoding</key>
			<string>4</string>
			<key>isa</key>
			<string>PBXFileReference</string>
			<key>lastKnownFileType</key>
			<string>sourcecode.c.objc</string>
			<key>path</key>
			<string>MSTimeRowHeader.m</string>
			<key>sourceTree</key>
			<string>&lt;group&gt;</string>
		</dict>
		<key>FE7AE15F19536C6C0096E350</key>
		<dict>
			<key>fileEncoding</key>
			<string>4</string>
			<key>isa</key>
			<string>PBXFileReference</string>
			<key>lastKnownFileType</key>
			<string>sourcecode.c.h</string>
			<key>path</key>
			<string>MSTimeRowHeaderBackground.h</string>
			<key>sourceTree</key>
			<string>&lt;group&gt;</string>
		</dict>
		<key>FE7AE16019536C6C0096E350</key>
		<dict>
			<key>fileEncoding</key>
			<string>4</string>
			<key>isa</key>
			<string>PBXFileReference</string>
			<key>lastKnownFileType</key>
			<string>sourcecode.c.objc</string>
			<key>path</key>
			<string>MSTimeRowHeaderBackground.m</string>
			<key>sourceTree</key>
			<string>&lt;group&gt;</string>
		</dict>
		<key>FE7AE16119536C6C0096E350</key>
		<dict>
			<key>fileEncoding</key>
			<string>4</string>
			<key>isa</key>
			<string>PBXFileReference</string>
			<key>lastKnownFileType</key>
			<string>sourcecode.c.h</string>
			<key>path</key>
			<string>LIYDateTimePickerViewController.h</string>
			<key>sourceTree</key>
			<string>&lt;group&gt;</string>
		</dict>
		<key>FE7AE16219536C6C0096E350</key>
		<dict>
			<key>fileEncoding</key>
			<string>4</string>
			<key>isa</key>
			<string>PBXFileReference</string>
			<key>lastKnownFileType</key>
			<string>sourcecode.c.objc</string>
			<key>path</key>
			<string>LIYDateTimePickerViewController.m</string>
			<key>sourceTree</key>
			<string>&lt;group&gt;</string>
		</dict>
		<key>FE7AE16319536C6C0096E350</key>
		<dict>
			<key>fileRef</key>
			<string>FE7AE15219536C6C0096E350</string>
			<key>isa</key>
			<string>PBXBuildFile</string>
		</dict>
		<key>FE7AE16419536C6C0096E350</key>
		<dict>
			<key>fileRef</key>
			<string>FE7AE15419536C6C0096E350</string>
			<key>isa</key>
			<string>PBXBuildFile</string>
		</dict>
		<key>FE7AE16519536C6C0096E350</key>
		<dict>
			<key>fileRef</key>
			<string>FE7AE15619536C6C0096E350</string>
			<key>isa</key>
			<string>PBXBuildFile</string>
		</dict>
		<key>FE7AE16619536C6C0096E350</key>
		<dict>
			<key>fileRef</key>
			<string>FE7AE15819536C6C0096E350</string>
			<key>isa</key>
			<string>PBXBuildFile</string>
		</dict>
		<key>FE7AE16719536C6C0096E350</key>
		<dict>
			<key>fileRef</key>
			<string>FE7AE15A19536C6C0096E350</string>
			<key>isa</key>
			<string>PBXBuildFile</string>
		</dict>
		<key>FE7AE16819536C6C0096E350</key>
		<dict>
			<key>fileRef</key>
			<string>FE7AE15C19536C6C0096E350</string>
			<key>isa</key>
			<string>PBXBuildFile</string>
		</dict>
		<key>FE7AE16919536C6C0096E350</key>
		<dict>
			<key>fileRef</key>
			<string>FE7AE15E19536C6C0096E350</string>
			<key>isa</key>
			<string>PBXBuildFile</string>
		</dict>
		<key>FE7AE16A19536C6C0096E350</key>
		<dict>
			<key>fileRef</key>
			<string>FE7AE16019536C6C0096E350</string>
			<key>isa</key>
			<string>PBXBuildFile</string>
		</dict>
		<key>FE7AE16B19536C6C0096E350</key>
		<dict>
			<key>fileRef</key>
			<string>FE7AE16219536C6C0096E350</string>
			<key>isa</key>
			<string>PBXBuildFile</string>
		</dict>
	</dict>
	<key>rootObject</key>
	<string>FE697C5D193AD37400D84E6C</string>
</dict>
</plist>
